{
  "name": "api-auctions",
  "version": "1.0.0",
  "lockfileVersion": 1,
  "requires": true,
  "dependencies": {
    "hcaptcha": {
      "version": "0.0.2",
      "resolved": "https://registry.npmjs.org/hcaptcha/-/hcaptcha-0.0.2.tgz",
      "integrity": "sha512-wWOncj/sY+q8s7tV12tjn3cFNoQhSu3l/7nTJi4QkFKALQi9XnduoXrV/KFzLg5lnB+5560zSAoi9YdYPDw6Eg=="
    }
  }
}
